// !$*UTF8*$!
{
	archiveVersion = 1;
	classes = {
	};
	objectVersion = 56;
	objects = {

/* Begin PBXBuildFile section */
		173E5FE32B37E881007DC23B /* RecordingModel+CoreDataClass.swift in Sources */ = {isa = PBXBuildFile; fileRef = 173E5FDF2B37E881007DC23B /* RecordingModel+CoreDataClass.swift */; };
		173E5FE42B37E881007DC23B /* RecordingModel+CoreDataProperties.swift in Sources */ = {isa = PBXBuildFile; fileRef = 173E5FE02B37E881007DC23B /* RecordingModel+CoreDataProperties.swift */; };
		173E5FE82B37E9E3007DC23B /* RecordingList.swift in Sources */ = {isa = PBXBuildFile; fileRef = 173E5FE72B37E9E3007DC23B /* RecordingList.swift */; };
		173E5FEB2B38A190007DC23B /* PersistenceControllerRecordingTests.swift in Sources */ = {isa = PBXBuildFile; fileRef = 173E5FEA2B38A190007DC23B /* PersistenceControllerRecordingTests.swift */; };
		173E5FED2B38A1A3007DC23B /* PersistenceControllerRecordingListTests.swift in Sources */ = {isa = PBXBuildFile; fileRef = 173E5FEC2B38A1A3007DC23B /* PersistenceControllerRecordingListTests.swift */; };
		173E5FF52B394E2F007DC23B /* PersistenceControllerRecordingListLoadingTests.swift in Sources */ = {isa = PBXBuildFile; fileRef = 173E5FF42B394E2F007DC23B /* PersistenceControllerRecordingListLoadingTests.swift */; };
		173E5FF82B395498007DC23B /* RecordingListModel+CoreDataClass.swift in Sources */ = {isa = PBXBuildFile; fileRef = 173E5FF62B395498007DC23B /* RecordingListModel+CoreDataClass.swift */; };
		173E5FF92B395498007DC23B /* RecordingListModel+CoreDataProperties.swift in Sources */ = {isa = PBXBuildFile; fileRef = 173E5FF72B395498007DC23B /* RecordingListModel+CoreDataProperties.swift */; };
		173E5FFB2B39DC03007DC23B /* ContentViewModel.swift in Sources */ = {isa = PBXBuildFile; fileRef = 173E5FFA2B39DC03007DC23B /* ContentViewModel.swift */; };
		173E5FFD2B39E3E7007DC23B /* ContentViewModelTests.swift in Sources */ = {isa = PBXBuildFile; fileRef = 173E5FFC2B39E3E7007DC23B /* ContentViewModelTests.swift */; };
		173E5FFF2B3A4A30007DC23B /* RecordingsListView.swift in Sources */ = {isa = PBXBuildFile; fileRef = 173E5FFE2B3A4A30007DC23B /* RecordingsListView.swift */; };
		173E60032B3A934F007DC23B /* NumberPadView.swift in Sources */ = {isa = PBXBuildFile; fileRef = 173E60022B3A934F007DC23B /* NumberPadView.swift */; };
		173E60052B3A9CE0007DC23B /* RecordingTests.swift in Sources */ = {isa = PBXBuildFile; fileRef = 173E60042B3A9CE0007DC23B /* RecordingTests.swift */; };
		173E600B2B3C90AE007DC23B /* ContentViewUITests.swift in Sources */ = {isa = PBXBuildFile; fileRef = 173E600A2B3C90AE007DC23B /* ContentViewUITests.swift */; };
		173EC3762B34EA2D006E476D /* MyRaceTimerApp.swift in Sources */ = {isa = PBXBuildFile; fileRef = 173EC3752B34EA2D006E476D /* MyRaceTimerApp.swift */; };
		173EC3782B34EA2D006E476D /* ContentView.swift in Sources */ = {isa = PBXBuildFile; fileRef = 173EC3772B34EA2D006E476D /* ContentView.swift */; };
		173EC37A2B34EA2F006E476D /* Assets.xcassets in Resources */ = {isa = PBXBuildFile; fileRef = 173EC3792B34EA2F006E476D /* Assets.xcassets */; };
		173EC37E2B34EA2F006E476D /* Preview Assets.xcassets in Resources */ = {isa = PBXBuildFile; fileRef = 173EC37D2B34EA2F006E476D /* Preview Assets.xcassets */; };
		173EC3922B34EA2F006E476D /* MyRaceTimerUITests.swift in Sources */ = {isa = PBXBuildFile; fileRef = 173EC3912B34EA2F006E476D /* MyRaceTimerUITests.swift */; };
		173EC3942B34EA2F006E476D /* MyRaceTimerUITestsLaunchTests.swift in Sources */ = {isa = PBXBuildFile; fileRef = 173EC3932B34EA2F006E476D /* MyRaceTimerUITestsLaunchTests.swift */; };
		173EC3A22B34EF21006E476D /* MyRaceTimer.xcdatamodeld in Sources */ = {isa = PBXBuildFile; fileRef = 173EC3A02B34EF21006E476D /* MyRaceTimer.xcdatamodeld */; };
		173EC3A42B34EFAE006E476D /* PersistenceController.swift in Sources */ = {isa = PBXBuildFile; fileRef = 173EC3A32B34EFAE006E476D /* PersistenceController.swift */; };
		173EC3E42B36123F006E476D /* Recording.swift in Sources */ = {isa = PBXBuildFile; fileRef = 173EC3E32B36123F006E476D /* Recording.swift */; };
/* End PBXBuildFile section */

/* Begin PBXContainerItemProxy section */
		173EC3842B34EA2F006E476D /* PBXContainerItemProxy */ = {
			isa = PBXContainerItemProxy;
			containerPortal = 173EC36A2B34EA2D006E476D /* Project object */;
			proxyType = 1;
			remoteGlobalIDString = 173EC3712B34EA2D006E476D;
			remoteInfo = MyRaceTimer;
		};
		173EC38E2B34EA2F006E476D /* PBXContainerItemProxy */ = {
			isa = PBXContainerItemProxy;
			containerPortal = 173EC36A2B34EA2D006E476D /* Project object */;
			proxyType = 1;
			remoteGlobalIDString = 173EC3712B34EA2D006E476D;
			remoteInfo = MyRaceTimer;
		};
/* End PBXContainerItemProxy section */

/* Begin PBXFileReference section */
		173E5FDF2B37E881007DC23B /* RecordingModel+CoreDataClass.swift */ = {isa = PBXFileReference; lastKnownFileType = sourcecode.swift; path = "RecordingModel+CoreDataClass.swift"; sourceTree = "<group>"; };
		173E5FE02B37E881007DC23B /* RecordingModel+CoreDataProperties.swift */ = {isa = PBXFileReference; lastKnownFileType = sourcecode.swift; path = "RecordingModel+CoreDataProperties.swift"; sourceTree = "<group>"; };
		173E5FE72B37E9E3007DC23B /* RecordingList.swift */ = {isa = PBXFileReference; lastKnownFileType = sourcecode.swift; path = RecordingList.swift; sourceTree = "<group>"; };
		173E5FEA2B38A190007DC23B /* PersistenceControllerRecordingTests.swift */ = {isa = PBXFileReference; lastKnownFileType = sourcecode.swift; path = PersistenceControllerRecordingTests.swift; sourceTree = "<group>"; };
		173E5FEC2B38A1A3007DC23B /* PersistenceControllerRecordingListTests.swift */ = {isa = PBXFileReference; lastKnownFileType = sourcecode.swift; path = PersistenceControllerRecordingListTests.swift; sourceTree = "<group>"; };
		173E5FF42B394E2F007DC23B /* PersistenceControllerRecordingListLoadingTests.swift */ = {isa = PBXFileReference; lastKnownFileType = sourcecode.swift; path = PersistenceControllerRecordingListLoadingTests.swift; sourceTree = "<group>"; };
		173E5FF62B395498007DC23B /* RecordingListModel+CoreDataClass.swift */ = {isa = PBXFileReference; lastKnownFileType = sourcecode.swift; path = "RecordingListModel+CoreDataClass.swift"; sourceTree = "<group>"; };
		173E5FF72B395498007DC23B /* RecordingListModel+CoreDataProperties.swift */ = {isa = PBXFileReference; lastKnownFileType = sourcecode.swift; path = "RecordingListModel+CoreDataProperties.swift"; sourceTree = "<group>"; };
		173E5FFA2B39DC03007DC23B /* ContentViewModel.swift */ = {isa = PBXFileReference; lastKnownFileType = sourcecode.swift; path = ContentViewModel.swift; sourceTree = "<group>"; };
		173E5FFC2B39E3E7007DC23B /* ContentViewModelTests.swift */ = {isa = PBXFileReference; lastKnownFileType = sourcecode.swift; path = ContentViewModelTests.swift; sourceTree = "<group>"; };
		173E5FFE2B3A4A30007DC23B /* RecordingsListView.swift */ = {isa = PBXFileReference; lastKnownFileType = sourcecode.swift; path = RecordingsListView.swift; sourceTree = "<group>"; };
		173E60022B3A934F007DC23B /* NumberPadView.swift */ = {isa = PBXFileReference; lastKnownFileType = sourcecode.swift; path = NumberPadView.swift; sourceTree = "<group>"; };
		173E60042B3A9CE0007DC23B /* RecordingTests.swift */ = {isa = PBXFileReference; lastKnownFileType = sourcecode.swift; path = RecordingTests.swift; sourceTree = "<group>"; };
		173E600A2B3C90AE007DC23B /* ContentViewUITests.swift */ = {isa = PBXFileReference; lastKnownFileType = sourcecode.swift; path = ContentViewUITests.swift; sourceTree = "<group>"; };
		173EC3722B34EA2D006E476D /* MyRaceTimer.app */ = {isa = PBXFileReference; explicitFileType = wrapper.application; includeInIndex = 0; path = MyRaceTimer.app; sourceTree = BUILT_PRODUCTS_DIR; };
		173EC3752B34EA2D006E476D /* MyRaceTimerApp.swift */ = {isa = PBXFileReference; lastKnownFileType = sourcecode.swift; path = MyRaceTimerApp.swift; sourceTree = "<group>"; };
		173EC3772B34EA2D006E476D /* ContentView.swift */ = {isa = PBXFileReference; lastKnownFileType = sourcecode.swift; path = ContentView.swift; sourceTree = "<group>"; };
		173EC3792B34EA2F006E476D /* Assets.xcassets */ = {isa = PBXFileReference; lastKnownFileType = folder.assetcatalog; path = Assets.xcassets; sourceTree = "<group>"; };
		173EC37B2B34EA2F006E476D /* MyRaceTimer.entitlements */ = {isa = PBXFileReference; lastKnownFileType = text.plist.entitlements; path = MyRaceTimer.entitlements; sourceTree = "<group>"; };
		173EC37D2B34EA2F006E476D /* Preview Assets.xcassets */ = {isa = PBXFileReference; lastKnownFileType = folder.assetcatalog; path = "Preview Assets.xcassets"; sourceTree = "<group>"; };
		173EC3832B34EA2F006E476D /* MyRaceTimerTests.xctest */ = {isa = PBXFileReference; explicitFileType = wrapper.cfbundle; includeInIndex = 0; path = MyRaceTimerTests.xctest; sourceTree = BUILT_PRODUCTS_DIR; };
		173EC38D2B34EA2F006E476D /* MyRaceTimerUITests.xctest */ = {isa = PBXFileReference; explicitFileType = wrapper.cfbundle; includeInIndex = 0; path = MyRaceTimerUITests.xctest; sourceTree = BUILT_PRODUCTS_DIR; };
		173EC3912B34EA2F006E476D /* MyRaceTimerUITests.swift */ = {isa = PBXFileReference; lastKnownFileType = sourcecode.swift; path = MyRaceTimerUITests.swift; sourceTree = "<group>"; };
		173EC3932B34EA2F006E476D /* MyRaceTimerUITestsLaunchTests.swift */ = {isa = PBXFileReference; lastKnownFileType = sourcecode.swift; path = MyRaceTimerUITestsLaunchTests.swift; sourceTree = "<group>"; };
		173EC3A12B34EF21006E476D /* MyRaceTimer.xcdatamodel */ = {isa = PBXFileReference; lastKnownFileType = wrapper.xcdatamodel; path = MyRaceTimer.xcdatamodel; sourceTree = "<group>"; };
		173EC3A32B34EFAE006E476D /* PersistenceController.swift */ = {isa = PBXFileReference; lastKnownFileType = sourcecode.swift; path = PersistenceController.swift; sourceTree = "<group>"; };
		173EC3E32B36123F006E476D /* Recording.swift */ = {isa = PBXFileReference; lastKnownFileType = sourcecode.swift; path = Recording.swift; sourceTree = "<group>"; };
/* End PBXFileReference section */

/* Begin PBXFrameworksBuildPhase section */
		173EC36F2B34EA2D006E476D /* Frameworks */ = {
			isa = PBXFrameworksBuildPhase;
			buildActionMask = 2147483647;
			files = (
			);
			runOnlyForDeploymentPostprocessing = 0;
		};
		173EC3802B34EA2F006E476D /* Frameworks */ = {
			isa = PBXFrameworksBuildPhase;
			buildActionMask = 2147483647;
			files = (
			);
			runOnlyForDeploymentPostprocessing = 0;
		};
		173EC38A2B34EA2F006E476D /* Frameworks */ = {
			isa = PBXFrameworksBuildPhase;
			buildActionMask = 2147483647;
			files = (
			);
			runOnlyForDeploymentPostprocessing = 0;
		};
/* End PBXFrameworksBuildPhase section */

/* Begin PBXGroup section */
		173E5FE52B37E894007DC23B /* CoreData */ = {
			isa = PBXGroup;
			children = (
				173E5FE62B37E8A5007DC23B /* Models */,
				173EC3A02B34EF21006E476D /* MyRaceTimer.xcdatamodeld */,
				173EC3A32B34EFAE006E476D /* PersistenceController.swift */,
			);
			path = CoreData;
			sourceTree = "<group>";
		};
		173E5FE62B37E8A5007DC23B /* Models */ = {
			isa = PBXGroup;
			children = (
				173E5FF62B395498007DC23B /* RecordingListModel+CoreDataClass.swift */,
				173E5FF72B395498007DC23B /* RecordingListModel+CoreDataProperties.swift */,
				173E5FDF2B37E881007DC23B /* RecordingModel+CoreDataClass.swift */,
				173E5FE02B37E881007DC23B /* RecordingModel+CoreDataProperties.swift */,
			);
			path = Models;
			sourceTree = "<group>";
		};
		173E5FE92B38A171007DC23B /* PersistenceController */ = {
			isa = PBXGroup;
			children = (
				173E5FEA2B38A190007DC23B /* PersistenceControllerRecordingTests.swift */,
				173E5FEC2B38A1A3007DC23B /* PersistenceControllerRecordingListTests.swift */,
				173E5FF42B394E2F007DC23B /* PersistenceControllerRecordingListLoadingTests.swift */,
			);
			path = PersistenceController;
			sourceTree = "<group>";
		};
		173EC3692B34EA2D006E476D = {
			isa = PBXGroup;
			children = (
				173EC3742B34EA2D006E476D /* MyRaceTimer */,
				173EC3862B34EA2F006E476D /* MyRaceTimerTests */,
				173EC3902B34EA2F006E476D /* MyRaceTimerUITests */,
				173EC3732B34EA2D006E476D /* Products */,
			);
			sourceTree = "<group>";
		};
		173EC3732B34EA2D006E476D /* Products */ = {
			isa = PBXGroup;
			children = (
				173EC3722B34EA2D006E476D /* MyRaceTimer.app */,
				173EC3832B34EA2F006E476D /* MyRaceTimerTests.xctest */,
				173EC38D2B34EA2F006E476D /* MyRaceTimerUITests.xctest */,
			);
			name = Products;
			sourceTree = "<group>";
		};
		173EC3742B34EA2D006E476D /* MyRaceTimer */ = {
			isa = PBXGroup;
			children = (
				173EC3752B34EA2D006E476D /* MyRaceTimerApp.swift */,
				173EC3772B34EA2D006E476D /* ContentView.swift */,
				173E5FFA2B39DC03007DC23B /* ContentViewModel.swift */,
				173E60022B3A934F007DC23B /* NumberPadView.swift */,
				173E5FFE2B3A4A30007DC23B /* RecordingsListView.swift */,
				173E5FE52B37E894007DC23B /* CoreData */,
				173EC3E32B36123F006E476D /* Recording.swift */,
				173E5FE72B37E9E3007DC23B /* RecordingList.swift */,
				173EC3792B34EA2F006E476D /* Assets.xcassets */,
				173EC37B2B34EA2F006E476D /* MyRaceTimer.entitlements */,
				173EC37C2B34EA2F006E476D /* Preview Content */,
			);
			path = MyRaceTimer;
			sourceTree = "<group>";
		};
		173EC37C2B34EA2F006E476D /* Preview Content */ = {
			isa = PBXGroup;
			children = (
				173EC37D2B34EA2F006E476D /* Preview Assets.xcassets */,
			);
			path = "Preview Content";
			sourceTree = "<group>";
		};
		173EC3862B34EA2F006E476D /* MyRaceTimerTests */ = {
			isa = PBXGroup;
			children = (
				173E5FE92B38A171007DC23B /* PersistenceController */,
				173E5FFC2B39E3E7007DC23B /* ContentViewModelTests.swift */,
				173E60042B3A9CE0007DC23B /* RecordingTests.swift */,
			);
			path = MyRaceTimerTests;
			sourceTree = "<group>";
		};
		173EC3902B34EA2F006E476D /* MyRaceTimerUITests */ = {
			isa = PBXGroup;
			children = (
				173EC3912B34EA2F006E476D /* MyRaceTimerUITests.swift */,
				173E600A2B3C90AE007DC23B /* ContentViewUITests.swift */,
				173EC3932B34EA2F006E476D /* MyRaceTimerUITestsLaunchTests.swift */,
			);
			path = MyRaceTimerUITests;
			sourceTree = "<group>";
		};
/* End PBXGroup section */

/* Begin PBXNativeTarget section */
		173EC3712B34EA2D006E476D /* MyRaceTimer */ = {
			isa = PBXNativeTarget;
			buildConfigurationList = 173EC3972B34EA2F006E476D /* Build configuration list for PBXNativeTarget "MyRaceTimer" */;
			buildPhases = (
				173EC36E2B34EA2D006E476D /* Sources */,
				173EC36F2B34EA2D006E476D /* Frameworks */,
				173EC3702B34EA2D006E476D /* Resources */,
			);
			buildRules = (
			);
			dependencies = (
			);
			name = MyRaceTimer;
			productName = MyRaceTimer;
			productReference = 173EC3722B34EA2D006E476D /* MyRaceTimer.app */;
			productType = "com.apple.product-type.application";
		};
		173EC3822B34EA2F006E476D /* MyRaceTimerTests */ = {
			isa = PBXNativeTarget;
			buildConfigurationList = 173EC39A2B34EA2F006E476D /* Build configuration list for PBXNativeTarget "MyRaceTimerTests" */;
			buildPhases = (
				173EC37F2B34EA2F006E476D /* Sources */,
				173EC3802B34EA2F006E476D /* Frameworks */,
				173EC3812B34EA2F006E476D /* Resources */,
			);
			buildRules = (
			);
			dependencies = (
				173EC3852B34EA2F006E476D /* PBXTargetDependency */,
			);
			name = MyRaceTimerTests;
			productName = MyRaceTimerTests;
			productReference = 173EC3832B34EA2F006E476D /* MyRaceTimerTests.xctest */;
			productType = "com.apple.product-type.bundle.unit-test";
		};
		173EC38C2B34EA2F006E476D /* MyRaceTimerUITests */ = {
			isa = PBXNativeTarget;
			buildConfigurationList = 173EC39D2B34EA2F006E476D /* Build configuration list for PBXNativeTarget "MyRaceTimerUITests" */;
			buildPhases = (
				173EC3892B34EA2F006E476D /* Sources */,
				173EC38A2B34EA2F006E476D /* Frameworks */,
				173EC38B2B34EA2F006E476D /* Resources */,
			);
			buildRules = (
			);
			dependencies = (
				173EC38F2B34EA2F006E476D /* PBXTargetDependency */,
			);
			name = MyRaceTimerUITests;
			productName = MyRaceTimerUITests;
			productReference = 173EC38D2B34EA2F006E476D /* MyRaceTimerUITests.xctest */;
			productType = "com.apple.product-type.bundle.ui-testing";
		};
/* End PBXNativeTarget section */

/* Begin PBXProject section */
		173EC36A2B34EA2D006E476D /* Project object */ = {
			isa = PBXProject;
			attributes = {
				BuildIndependentTargetsInParallel = 1;
				LastSwiftUpdateCheck = 1500;
				LastUpgradeCheck = 1500;
				TargetAttributes = {
					173EC3712B34EA2D006E476D = {
						CreatedOnToolsVersion = 15.0;
					};
					173EC3822B34EA2F006E476D = {
						CreatedOnToolsVersion = 15.0;
						TestTargetID = 173EC3712B34EA2D006E476D;
					};
					173EC38C2B34EA2F006E476D = {
						CreatedOnToolsVersion = 15.0;
						TestTargetID = 173EC3712B34EA2D006E476D;
					};
				};
			};
			buildConfigurationList = 173EC36D2B34EA2D006E476D /* Build configuration list for PBXProject "MyRaceTimer" */;
			compatibilityVersion = "Xcode 14.0";
			developmentRegion = en;
			hasScannedForEncodings = 0;
			knownRegions = (
				en,
				Base,
			);
			mainGroup = 173EC3692B34EA2D006E476D;
			productRefGroup = 173EC3732B34EA2D006E476D /* Products */;
			projectDirPath = "";
			projectRoot = "";
			targets = (
				173EC3712B34EA2D006E476D /* MyRaceTimer */,
				173EC3822B34EA2F006E476D /* MyRaceTimerTests */,
				173EC38C2B34EA2F006E476D /* MyRaceTimerUITests */,
			);
		};
/* End PBXProject section */

/* Begin PBXResourcesBuildPhase section */
		173EC3702B34EA2D006E476D /* Resources */ = {
			isa = PBXResourcesBuildPhase;
			buildActionMask = 2147483647;
			files = (
				173EC37E2B34EA2F006E476D /* Preview Assets.xcassets in Resources */,
				173EC37A2B34EA2F006E476D /* Assets.xcassets in Resources */,
			);
			runOnlyForDeploymentPostprocessing = 0;
		};
		173EC3812B34EA2F006E476D /* Resources */ = {
			isa = PBXResourcesBuildPhase;
			buildActionMask = 2147483647;
			files = (
			);
			runOnlyForDeploymentPostprocessing = 0;
		};
		173EC38B2B34EA2F006E476D /* Resources */ = {
			isa = PBXResourcesBuildPhase;
			buildActionMask = 2147483647;
			files = (
			);
			runOnlyForDeploymentPostprocessing = 0;
		};
/* End PBXResourcesBuildPhase section */

/* Begin PBXSourcesBuildPhase section */
		173EC36E2B34EA2D006E476D /* Sources */ = {
			isa = PBXSourcesBuildPhase;
			buildActionMask = 2147483647;
			files = (
				173EC3E42B36123F006E476D /* Recording.swift in Sources */,
				173E5FF82B395498007DC23B /* RecordingListModel+CoreDataClass.swift in Sources */,
				173E60032B3A934F007DC23B /* NumberPadView.swift in Sources */,
				173E5FFF2B3A4A30007DC23B /* RecordingsListView.swift in Sources */,
				173EC3782B34EA2D006E476D /* ContentView.swift in Sources */,
				173EC3762B34EA2D006E476D /* MyRaceTimerApp.swift in Sources */,
				173E5FE32B37E881007DC23B /* RecordingModel+CoreDataClass.swift in Sources */,
				173EC3A22B34EF21006E476D /* MyRaceTimer.xcdatamodeld in Sources */,
				173E5FE82B37E9E3007DC23B /* RecordingList.swift in Sources */,
				173E5FFB2B39DC03007DC23B /* ContentViewModel.swift in Sources */,
				173E5FF92B395498007DC23B /* RecordingListModel+CoreDataProperties.swift in Sources */,
				173EC3A42B34EFAE006E476D /* PersistenceController.swift in Sources */,
				173E5FE42B37E881007DC23B /* RecordingModel+CoreDataProperties.swift in Sources */,
			);
			runOnlyForDeploymentPostprocessing = 0;
		};
		173EC37F2B34EA2F006E476D /* Sources */ = {
			isa = PBXSourcesBuildPhase;
			buildActionMask = 2147483647;
			files = (
				173E5FFD2B39E3E7007DC23B /* ContentViewModelTests.swift in Sources */,
				173E5FF52B394E2F007DC23B /* PersistenceControllerRecordingListLoadingTests.swift in Sources */,
				173E60052B3A9CE0007DC23B /* RecordingTests.swift in Sources */,
				173E5FED2B38A1A3007DC23B /* PersistenceControllerRecordingListTests.swift in Sources */,
				173E5FEB2B38A190007DC23B /* PersistenceControllerRecordingTests.swift in Sources */,
			);
			runOnlyForDeploymentPostprocessing = 0;
		};
		173EC3892B34EA2F006E476D /* Sources */ = {
			isa = PBXSourcesBuildPhase;
			buildActionMask = 2147483647;
			files = (
				173E600B2B3C90AE007DC23B /* ContentViewUITests.swift in Sources */,
				173EC3922B34EA2F006E476D /* MyRaceTimerUITests.swift in Sources */,
				173EC3942B34EA2F006E476D /* MyRaceTimerUITestsLaunchTests.swift in Sources */,
			);
			runOnlyForDeploymentPostprocessing = 0;
		};
/* End PBXSourcesBuildPhase section */

/* Begin PBXTargetDependency section */
		173EC3852B34EA2F006E476D /* PBXTargetDependency */ = {
			isa = PBXTargetDependency;
			target = 173EC3712B34EA2D006E476D /* MyRaceTimer */;
			targetProxy = 173EC3842B34EA2F006E476D /* PBXContainerItemProxy */;
		};
		173EC38F2B34EA2F006E476D /* PBXTargetDependency */ = {
			isa = PBXTargetDependency;
			target = 173EC3712B34EA2D006E476D /* MyRaceTimer */;
			targetProxy = 173EC38E2B34EA2F006E476D /* PBXContainerItemProxy */;
		};
/* End PBXTargetDependency section */

/* Begin XCBuildConfiguration section */
		173EC3952B34EA2F006E476D /* Debug */ = {
			isa = XCBuildConfiguration;
			buildSettings = {
				ALWAYS_SEARCH_USER_PATHS = NO;
				ASSETCATALOG_COMPILER_GENERATE_SWIFT_ASSET_SYMBOL_EXTENSIONS = YES;
				CLANG_ANALYZER_NONNULL = YES;
				CLANG_ANALYZER_NUMBER_OBJECT_CONVERSION = YES_AGGRESSIVE;
				CLANG_CXX_LANGUAGE_STANDARD = "gnu++20";
				CLANG_ENABLE_MODULES = YES;
				CLANG_ENABLE_OBJC_ARC = YES;
				CLANG_ENABLE_OBJC_WEAK = YES;
				CLANG_WARN_BLOCK_CAPTURE_AUTORELEASING = YES;
				CLANG_WARN_BOOL_CONVERSION = YES;
				CLANG_WARN_COMMA = YES;
				CLANG_WARN_CONSTANT_CONVERSION = YES;
				CLANG_WARN_DEPRECATED_OBJC_IMPLEMENTATIONS = YES;
				CLANG_WARN_DIRECT_OBJC_ISA_USAGE = YES_ERROR;
				CLANG_WARN_DOCUMENTATION_COMMENTS = YES;
				CLANG_WARN_EMPTY_BODY = YES;
				CLANG_WARN_ENUM_CONVERSION = YES;
				CLANG_WARN_INFINITE_RECURSION = YES;
				CLANG_WARN_INT_CONVERSION = YES;
				CLANG_WARN_NON_LITERAL_NULL_CONVERSION = YES;
				CLANG_WARN_OBJC_IMPLICIT_RETAIN_SELF = YES;
				CLANG_WARN_OBJC_LITERAL_CONVERSION = YES;
				CLANG_WARN_OBJC_ROOT_CLASS = YES_ERROR;
				CLANG_WARN_QUOTED_INCLUDE_IN_FRAMEWORK_HEADER = YES;
				CLANG_WARN_RANGE_LOOP_ANALYSIS = YES;
				CLANG_WARN_STRICT_PROTOTYPES = YES;
				CLANG_WARN_SUSPICIOUS_MOVE = YES;
				CLANG_WARN_UNGUARDED_AVAILABILITY = YES_AGGRESSIVE;
				CLANG_WARN_UNREACHABLE_CODE = YES;
				CLANG_WARN__DUPLICATE_METHOD_MATCH = YES;
				COPY_PHASE_STRIP = NO;
				DEBUG_INFORMATION_FORMAT = dwarf;
				ENABLE_STRICT_OBJC_MSGSEND = YES;
				ENABLE_TESTABILITY = YES;
				ENABLE_USER_SCRIPT_SANDBOXING = YES;
				GCC_C_LANGUAGE_STANDARD = gnu17;
				GCC_DYNAMIC_NO_PIC = NO;
				GCC_NO_COMMON_BLOCKS = YES;
				GCC_OPTIMIZATION_LEVEL = 0;
				GCC_PREPROCESSOR_DEFINITIONS = (
					"DEBUG=1",
					"$(inherited)",
				);
				GCC_WARN_64_TO_32_BIT_CONVERSION = YES;
				GCC_WARN_ABOUT_RETURN_TYPE = YES_ERROR;
				GCC_WARN_UNDECLARED_SELECTOR = YES;
				GCC_WARN_UNINITIALIZED_AUTOS = YES_AGGRESSIVE;
				GCC_WARN_UNUSED_FUNCTION = YES;
				GCC_WARN_UNUSED_VARIABLE = YES;
				LOCALIZATION_PREFERS_STRING_CATALOGS = YES;
				MTL_ENABLE_DEBUG_INFO = INCLUDE_SOURCE;
				MTL_FAST_MATH = YES;
				ONLY_ACTIVE_ARCH = YES;
				SWIFT_ACTIVE_COMPILATION_CONDITIONS = "DEBUG $(inherited)";
				SWIFT_OPTIMIZATION_LEVEL = "-Onone";
			};
			name = Debug;
		};
		173EC3962B34EA2F006E476D /* Release */ = {
			isa = XCBuildConfiguration;
			buildSettings = {
				ALWAYS_SEARCH_USER_PATHS = NO;
				ASSETCATALOG_COMPILER_GENERATE_SWIFT_ASSET_SYMBOL_EXTENSIONS = YES;
				CLANG_ANALYZER_NONNULL = YES;
				CLANG_ANALYZER_NUMBER_OBJECT_CONVERSION = YES_AGGRESSIVE;
				CLANG_CXX_LANGUAGE_STANDARD = "gnu++20";
				CLANG_ENABLE_MODULES = YES;
				CLANG_ENABLE_OBJC_ARC = YES;
				CLANG_ENABLE_OBJC_WEAK = YES;
				CLANG_WARN_BLOCK_CAPTURE_AUTORELEASING = YES;
				CLANG_WARN_BOOL_CONVERSION = YES;
				CLANG_WARN_COMMA = YES;
				CLANG_WARN_CONSTANT_CONVERSION = YES;
				CLANG_WARN_DEPRECATED_OBJC_IMPLEMENTATIONS = YES;
				CLANG_WARN_DIRECT_OBJC_ISA_USAGE = YES_ERROR;
				CLANG_WARN_DOCUMENTATION_COMMENTS = YES;
				CLANG_WARN_EMPTY_BODY = YES;
				CLANG_WARN_ENUM_CONVERSION = YES;
				CLANG_WARN_INFINITE_RECURSION = YES;
				CLANG_WARN_INT_CONVERSION = YES;
				CLANG_WARN_NON_LITERAL_NULL_CONVERSION = YES;
				CLANG_WARN_OBJC_IMPLICIT_RETAIN_SELF = YES;
				CLANG_WARN_OBJC_LITERAL_CONVERSION = YES;
				CLANG_WARN_OBJC_ROOT_CLASS = YES_ERROR;
				CLANG_WARN_QUOTED_INCLUDE_IN_FRAMEWORK_HEADER = YES;
				CLANG_WARN_RANGE_LOOP_ANALYSIS = YES;
				CLANG_WARN_STRICT_PROTOTYPES = YES;
				CLANG_WARN_SUSPICIOUS_MOVE = YES;
				CLANG_WARN_UNGUARDED_AVAILABILITY = YES_AGGRESSIVE;
				CLANG_WARN_UNREACHABLE_CODE = YES;
				CLANG_WARN__DUPLICATE_METHOD_MATCH = YES;
				COPY_PHASE_STRIP = NO;
				DEBUG_INFORMATION_FORMAT = "dwarf-with-dsym";
				ENABLE_NS_ASSERTIONS = NO;
				ENABLE_STRICT_OBJC_MSGSEND = YES;
				ENABLE_USER_SCRIPT_SANDBOXING = YES;
				GCC_C_LANGUAGE_STANDARD = gnu17;
				GCC_NO_COMMON_BLOCKS = YES;
				GCC_WARN_64_TO_32_BIT_CONVERSION = YES;
				GCC_WARN_ABOUT_RETURN_TYPE = YES_ERROR;
				GCC_WARN_UNDECLARED_SELECTOR = YES;
				GCC_WARN_UNINITIALIZED_AUTOS = YES_AGGRESSIVE;
				GCC_WARN_UNUSED_FUNCTION = YES;
				GCC_WARN_UNUSED_VARIABLE = YES;
				LOCALIZATION_PREFERS_STRING_CATALOGS = YES;
				MTL_ENABLE_DEBUG_INFO = NO;
				MTL_FAST_MATH = YES;
				SWIFT_COMPILATION_MODE = wholemodule;
			};
			name = Release;
		};
		173EC3982B34EA2F006E476D /* Debug */ = {
			isa = XCBuildConfiguration;
			buildSettings = {
				ASSETCATALOG_COMPILER_APPICON_NAME = AppIcon;
				ASSETCATALOG_COMPILER_GLOBAL_ACCENT_COLOR_NAME = AccentColor;
				CODE_SIGN_ENTITLEMENTS = MyRaceTimer/MyRaceTimer.entitlements;
				CODE_SIGN_STYLE = Automatic;
				CURRENT_PROJECT_VERSION = 1;
				DEVELOPMENT_ASSET_PATHS = "\"MyRaceTimer/Preview Content\"";
				DEVELOPMENT_TEAM = WF5NY4PC3R;
				ENABLE_HARDENED_RUNTIME = YES;
				ENABLE_PREVIEWS = YES;
				GENERATE_INFOPLIST_FILE = YES;
				"INFOPLIST_KEY_UIApplicationSceneManifest_Generation[sdk=iphoneos*]" = YES;
				"INFOPLIST_KEY_UIApplicationSceneManifest_Generation[sdk=iphonesimulator*]" = YES;
				"INFOPLIST_KEY_UIApplicationSupportsIndirectInputEvents[sdk=iphoneos*]" = YES;
				"INFOPLIST_KEY_UIApplicationSupportsIndirectInputEvents[sdk=iphonesimulator*]" = YES;
				"INFOPLIST_KEY_UILaunchScreen_Generation[sdk=iphoneos*]" = YES;
				"INFOPLIST_KEY_UILaunchScreen_Generation[sdk=iphonesimulator*]" = YES;
				"INFOPLIST_KEY_UIStatusBarStyle[sdk=iphoneos*]" = UIStatusBarStyleDefault;
				"INFOPLIST_KEY_UIStatusBarStyle[sdk=iphonesimulator*]" = UIStatusBarStyleDefault;
				INFOPLIST_KEY_UISupportedInterfaceOrientations = UIInterfaceOrientationPortrait;
				INFOPLIST_KEY_UISupportedInterfaceOrientations_iPad = "UIInterfaceOrientationLandscapeLeft UIInterfaceOrientationLandscapeRight UIInterfaceOrientationPortrait UIInterfaceOrientationPortraitUpsideDown";
				IPHONEOS_DEPLOYMENT_TARGET = 17.0;
				LD_RUNPATH_SEARCH_PATHS = "@executable_path/Frameworks";
				"LD_RUNPATH_SEARCH_PATHS[sdk=macosx*]" = "@executable_path/../Frameworks";
				MACOSX_DEPLOYMENT_TARGET = 14.0;
				MARKETING_VERSION = 1.0;
				PRODUCT_BUNDLE_IDENTIFIER = com.nikodittmar.MyRaceTimer;
				PRODUCT_NAME = "$(TARGET_NAME)";
				SDKROOT = auto;
				SUPPORTED_PLATFORMS = "iphoneos iphonesimulator";
				SUPPORTS_MACCATALYST = NO;
				SWIFT_EMIT_LOC_STRINGS = YES;
				SWIFT_VERSION = 5.0;
				TARGETED_DEVICE_FAMILY = 1;
			};
			name = Debug;
		};
		173EC3992B34EA2F006E476D /* Release */ = {
			isa = XCBuildConfiguration;
			buildSettings = {
				ASSETCATALOG_COMPILER_APPICON_NAME = AppIcon;
				ASSETCATALOG_COMPILER_GLOBAL_ACCENT_COLOR_NAME = AccentColor;
				CODE_SIGN_ENTITLEMENTS = MyRaceTimer/MyRaceTimer.entitlements;
				CODE_SIGN_STYLE = Automatic;
				CURRENT_PROJECT_VERSION = 1;
				DEVELOPMENT_ASSET_PATHS = "\"MyRaceTimer/Preview Content\"";
				DEVELOPMENT_TEAM = WF5NY4PC3R;
				ENABLE_HARDENED_RUNTIME = YES;
				ENABLE_PREVIEWS = YES;
				GENERATE_INFOPLIST_FILE = YES;
				"INFOPLIST_KEY_UIApplicationSceneManifest_Generation[sdk=iphoneos*]" = YES;
				"INFOPLIST_KEY_UIApplicationSceneManifest_Generation[sdk=iphonesimulator*]" = YES;
				"INFOPLIST_KEY_UIApplicationSupportsIndirectInputEvents[sdk=iphoneos*]" = YES;
				"INFOPLIST_KEY_UIApplicationSupportsIndirectInputEvents[sdk=iphonesimulator*]" = YES;
				"INFOPLIST_KEY_UILaunchScreen_Generation[sdk=iphoneos*]" = YES;
				"INFOPLIST_KEY_UILaunchScreen_Generation[sdk=iphonesimulator*]" = YES;
				"INFOPLIST_KEY_UIStatusBarStyle[sdk=iphoneos*]" = UIStatusBarStyleDefault;
				"INFOPLIST_KEY_UIStatusBarStyle[sdk=iphonesimulator*]" = UIStatusBarStyleDefault;
				INFOPLIST_KEY_UISupportedInterfaceOrientations = UIInterfaceOrientationPortrait;
				INFOPLIST_KEY_UISupportedInterfaceOrientations_iPad = "UIInterfaceOrientationLandscapeLeft UIInterfaceOrientationLandscapeRight UIInterfaceOrientationPortrait UIInterfaceOrientationPortraitUpsideDown";
				IPHONEOS_DEPLOYMENT_TARGET = 17.0;
				LD_RUNPATH_SEARCH_PATHS = "@executable_path/Frameworks";
				"LD_RUNPATH_SEARCH_PATHS[sdk=macosx*]" = "@executable_path/../Frameworks";
				MACOSX_DEPLOYMENT_TARGET = 14.0;
				MARKETING_VERSION = 1.0;
				PRODUCT_BUNDLE_IDENTIFIER = com.nikodittmar.MyRaceTimer;
				PRODUCT_NAME = "$(TARGET_NAME)";
				SDKROOT = auto;
				SUPPORTED_PLATFORMS = "iphoneos iphonesimulator";
				SUPPORTS_MACCATALYST = NO;
				SWIFT_EMIT_LOC_STRINGS = YES;
				SWIFT_VERSION = 5.0;
				TARGETED_DEVICE_FAMILY = 1;
			};
			name = Release;
		};
		173EC39B2B34EA2F006E476D /* Debug */ = {
			isa = XCBuildConfiguration;
			buildSettings = {
				ALWAYS_EMBED_SWIFT_STANDARD_LIBRARIES = YES;
				BUNDLE_LOADER = "$(TEST_HOST)";
				CODE_SIGN_STYLE = Automatic;
				CURRENT_PROJECT_VERSION = 1;
				DEVELOPMENT_TEAM = WF5NY4PC3R;
				GENERATE_INFOPLIST_FILE = YES;
				IPHONEOS_DEPLOYMENT_TARGET = 17.0;
				MACOSX_DEPLOYMENT_TARGET = 14.0;
				MARKETING_VERSION = 1.0;
				PRODUCT_BUNDLE_IDENTIFIER = com.nikodittmar.MyRaceTimerTests;
				PRODUCT_NAME = "$(TARGET_NAME)";
				SDKROOT = auto;
				SUPPORTED_PLATFORMS = "iphoneos iphonesimulator macosx";
				SUPPORTS_MACCATALYST = NO;
				SWIFT_EMIT_LOC_STRINGS = NO;
				SWIFT_VERSION = 5.0;
				TARGETED_DEVICE_FAMILY = 1;
				TEST_HOST = "$(BUILT_PRODUCTS_DIR)/MyRaceTimer.app/$(BUNDLE_EXECUTABLE_FOLDER_PATH)/MyRaceTimer";
			};
			name = Debug;
		};
		173EC39C2B34EA2F006E476D /* Release */ = {
			isa = XCBuildConfiguration;
			buildSettings = {
				ALWAYS_EMBED_SWIFT_STANDARD_LIBRARIES = YES;
				BUNDLE_LOADER = "$(TEST_HOST)";
				CODE_SIGN_STYLE = Automatic;
				CURRENT_PROJECT_VERSION = 1;
				DEVELOPMENT_TEAM = WF5NY4PC3R;
				GENERATE_INFOPLIST_FILE = YES;
				IPHONEOS_DEPLOYMENT_TARGET = 17.0;
				MACOSX_DEPLOYMENT_TARGET = 14.0;
				MARKETING_VERSION = 1.0;
				PRODUCT_BUNDLE_IDENTIFIER = com.nikodittmar.MyRaceTimerTests;
				PRODUCT_NAME = "$(TARGET_NAME)";
				SDKROOT = auto;
				SUPPORTED_PLATFORMS = "iphoneos iphonesimulator macosx";
				SUPPORTS_MACCATALYST = NO;
				SWIFT_EMIT_LOC_STRINGS = NO;
				SWIFT_VERSION = 5.0;
				TARGETED_DEVICE_FAMILY = 1;
				TEST_HOST = "$(BUILT_PRODUCTS_DIR)/MyRaceTimer.app/$(BUNDLE_EXECUTABLE_FOLDER_PATH)/MyRaceTimer";
			};
			name = Release;
		};
		173EC39E2B34EA2F006E476D /* Debug */ = {
			isa = XCBuildConfiguration;
			buildSettings = {
				ALWAYS_EMBED_SWIFT_STANDARD_LIBRARIES = YES;
				CODE_SIGN_STYLE = Automatic;
				CURRENT_PROJECT_VERSION = 1;
				DEVELOPMENT_TEAM = WF5NY4PC3R;
				GENERATE_INFOPLIST_FILE = YES;
				IPHONEOS_DEPLOYMENT_TARGET = 17.0;
				MACOSX_DEPLOYMENT_TARGET = 14.0;
				MARKETING_VERSION = 1.0;
				PRODUCT_BUNDLE_IDENTIFIER = com.nikodittmar.MyRaceTimerUITests;
				PRODUCT_NAME = "$(TARGET_NAME)";
				SDKROOT = auto;
				SUPPORTED_PLATFORMS = "iphoneos iphonesimulator macosx";
				SWIFT_EMIT_LOC_STRINGS = NO;
				SWIFT_VERSION = 5.0;
				TARGETED_DEVICE_FAMILY = "1,2";
				TEST_TARGET_NAME = MyRaceTimer;
			};
			name = Debug;
		};
		173EC39F2B34EA2F006E476D /* Release */ = {
			isa = XCBuildConfiguration;
			buildSettings = {
				ALWAYS_EMBED_SWIFT_STANDARD_LIBRARIES = YES;
				CODE_SIGN_STYLE = Automatic;
				CURRENT_PROJECT_VERSION = 1;
				DEVELOPMENT_TEAM = WF5NY4PC3R;
				GENERATE_INFOPLIST_FILE = YES;
				IPHONEOS_DEPLOYMENT_TARGET = 17.0;
				MACOSX_DEPLOYMENT_TARGET = 14.0;
				MARKETING_VERSION = 1.0;
				PRODUCT_BUNDLE_IDENTIFIER = com.nikodittmar.MyRaceTimerUITests;
				PRODUCT_NAME = "$(TARGET_NAME)";
				SDKROOT = auto;
				SUPPORTED_PLATFORMS = "iphoneos iphonesimulator macosx";
				SWIFT_EMIT_LOC_STRINGS = NO;
				SWIFT_VERSION = 5.0;
				TARGETED_DEVICE_FAMILY = "1,2";
				TEST_TARGET_NAME = MyRaceTimer;
			};
			name = Release;
		};
/* End XCBuildConfiguration section */

/* Begin XCConfigurationList section */
		173EC36D2B34EA2D006E476D /* Build configuration list for PBXProject "MyRaceTimer" */ = {
			isa = XCConfigurationList;
			buildConfigurations = (
				173EC3952B34EA2F006E476D /* Debug */,
				173EC3962B34EA2F006E476D /* Release */,
			);
			defaultConfigurationIsVisible = 0;
			defaultConfigurationName = Release;
		};
		173EC3972B34EA2F006E476D /* Build configuration list for PBXNativeTarget "MyRaceTimer" */ = {
			isa = XCConfigurationList;
			buildConfigurations = (
				173EC3982B34EA2F006E476D /* Debug */,
				173EC3992B34EA2F006E476D /* Release */,
			);
			defaultConfigurationIsVisible = 0;
			defaultConfigurationName = Release;
		};
		173EC39A2B34EA2F006E476D /* Build configuration list for PBXNativeTarget "MyRaceTimerTests" */ = {
			isa = XCConfigurationList;
			buildConfigurations = (
				173EC39B2B34EA2F006E476D /* Debug */,
				173EC39C2B34EA2F006E476D /* Release */,
			);
			defaultConfigurationIsVisible = 0;
			defaultConfigurationName = Release;
		};
		173EC39D2B34EA2F006E476D /* Build configuration list for PBXNativeTarget "MyRaceTimerUITests" */ = {
			isa = XCConfigurationList;
			buildConfigurations = (
				173EC39E2B34EA2F006E476D /* Debug */,
				173EC39F2B34EA2F006E476D /* Release */,
			);
			defaultConfigurationIsVisible = 0;
			defaultConfigurationName = Release;
		};
/* End XCConfigurationList section */

/* Begin XCVersionGroup section */
		173EC3A02B34EF21006E476D /* MyRaceTimer.xcdatamodeld */ = {
			isa = XCVersionGroup;
			children = (
				173EC3A12B34EF21006E476D /* MyRaceTimer.xcdatamodel */,
			);
			currentVersion = 173EC3A12B34EF21006E476D /* MyRaceTimer.xcdatamodel */;
			path = MyRaceTimer.xcdatamodeld;
			sourceTree = "<group>";
			versionGroupType = wrapper.xcdatamodel;
		};
/* End XCVersionGroup section */
	};
	rootObject = 173EC36A2B34EA2D006E476D /* Project object */;
}
